
Microsoft Visual Studio Solution File, Format Version 12.00
# Visual Studio Version 17
VisualStudioVersion = 17.4.33205.214
MinimumVisualStudioVersion = 10.0.40219.1
Project("{FAE04EC0-301F-11D3-BF4B-00C04F79EFBC}") = "WebApiControlStock", "WebApiControlStock\WebApiControlStock.csproj", "{B0F728B7-251E-4E44-BC69-79846DC634C3}"
EndProject
Global
	GlobalSection(SolutionConfigurationPlatforms) = preSolution
		Debug|Any CPU = Debug|Any CPU
		Release|Any CPU = Release|Any CPU
	EndGlobalSection
	GlobalSection(ProjectConfigurationPlatforms) = postSolution
		{B0F728B7-251E-4E44-BC69-79846DC634C3}.Debug|Any CPU.ActiveCfg = Debug|Any CPU
		{B0F728B7-251E-4E44-BC69-79846DC634C3}.Debug|Any CPU.Build.0 = Debug|Any CPU
		{B0F728B7-251E-4E44-BC69-79846DC634C3}.Release|Any CPU.ActiveCfg = Release|Any CPU
		{B0F728B7-251E-4E44-BC69-79846DC634C3}.Release|Any CPU.Build.0 = Release|Any CPU
	EndGlobalSection
	GlobalSection(SolutionProperties) = preSolution
		HideSolutionNode = FALSE
	EndGlobalSection
	GlobalSection(ExtensibilityGlobals) = postSolution
		SolutionGuid = {B31FC2D5-9448-45EB-9A3B-1F9FD0A5F899}
	EndGlobalSection
EndGlobal
